
Microsoft Visual Studio Solution File, Format Version 12.00
# Visual Studio 14
VisualStudioVersion = 14.0.23107.0
MinimumVisualStudioVersion = 10.0.40219.1
Project("{FAE04EC0-301F-11D3-BF4B-00C04F79EFBC}") = "GUI", "GUI\GUI.csproj", "{05954E57-2332-454A-8319-CE9DADAED66F}"
EndProject
Project("{FAE04EC0-301F-11D3-BF4B-00C04F79EFBC}") = "Data", "Data\Data.csproj", "{5D9B6ED1-A989-49E3-BA94-191F2CF0AC97}"
EndProject
Project("{FAE04EC0-301F-11D3-BF4B-00C04F79EFBC}") = "Domain", "Domain\Domain.csproj", "{C5B94E98-7FF8-4AD4-9EC8-BC68A8428FC5}"
EndProject
Project("{FAE04EC0-301F-11D3-BF4B-00C04F79EFBC}") = "Services", "Services\Services.csproj", "{CA8D3A8A-BADB-48DB-82F6-0AF986CED9E3}"
EndProject
Global
	GlobalSection(SolutionConfigurationPlatforms) = preSolution
		Debug|Any CPU = Debug|Any CPU
		Release|Any CPU = Release|Any CPU
	EndGlobalSection
	GlobalSection(ProjectConfigurationPlatforms) = postSolution
		{05954E57-2332-454A-8319-CE9DADAED66F}.Debug|Any CPU.ActiveCfg = Debug|Any CPU
		{05954E57-2332-454A-8319-CE9DADAED66F}.Debug|Any CPU.Build.0 = Debug|Any CPU
		{05954E57-2332-454A-8319-CE9DADAED66F}.Release|Any CPU.ActiveCfg = Release|Any CPU
		{05954E57-2332-454A-8319-CE9DADAED66F}.Release|Any CPU.Build.0 = Release|Any CPU
		{5D9B6ED1-A989-49E3-BA94-191F2CF0AC97}.Debug|Any CPU.ActiveCfg = Debug|Any CPU
		{5D9B6ED1-A989-49E3-BA94-191F2CF0AC97}.Debug|Any CPU.Build.0 = Debug|Any CPU
		{5D9B6ED1-A989-49E3-BA94-191F2CF0AC97}.Release|Any CPU.ActiveCfg = Release|Any CPU
		{5D9B6ED1-A989-49E3-BA94-191F2CF0AC97}.Release|Any CPU.Build.0 = Release|Any CPU
		{C5B94E98-7FF8-4AD4-9EC8-BC68A8428FC5}.Debug|Any CPU.ActiveCfg = Debug|Any CPU
		{C5B94E98-7FF8-4AD4-9EC8-BC68A8428FC5}.Debug|Any CPU.Build.0 = Debug|Any CPU
		{C5B94E98-7FF8-4AD4-9EC8-BC68A8428FC5}.Release|Any CPU.ActiveCfg = Release|Any CPU
		{C5B94E98-7FF8-4AD4-9EC8-BC68A8428FC5}.Release|Any CPU.Build.0 = Release|Any CPU
		{CA8D3A8A-BADB-48DB-82F6-0AF986CED9E3}.Debug|Any CPU.ActiveCfg = Debug|Any CPU
		{CA8D3A8A-BADB-48DB-82F6-0AF986CED9E3}.Debug|Any CPU.Build.0 = Debug|Any CPU
		{CA8D3A8A-BADB-48DB-82F6-0AF986CED9E3}.Release|Any CPU.ActiveCfg = Release|Any CPU
		{CA8D3A8A-BADB-48DB-82F6-0AF986CED9E3}.Release|Any CPU.Build.0 = Release|Any CPU
	EndGlobalSection
	GlobalSection(SolutionProperties) = preSolution
		HideSolutionNode = FALSE
	EndGlobalSection
EndGlobal
